
Microsoft Visual Studio Solution File, Format Version 12.00
# Visual Studio Version 17
VisualStudioVersion = 17.14.36915.13 d17.14
MinimumVisualStudioVersion = 10.0.40219.1
Project("{FAE04EC0-301F-11D3-BF4B-00C04F79EFBC}") = "Cyberbot", "Cyberbot\Cyberbot.csproj", "{08258A75-F103-444A-8958-CB3E57F2E226}"
EndProject
Global
	GlobalSection(SolutionConfigurationPlatforms) = preSolution
		Debug|Any CPU = Debug|Any CPU
		Release|Any CPU = Release|Any CPU
	EndGlobalSection
	GlobalSection(ProjectConfigurationPlatforms) = postSolution
		{08258A75-F103-444A-8958-CB3E57F2E226}.Debug|Any CPU.ActiveCfg = Debug|Any CPU
		{08258A75-F103-444A-8958-CB3E57F2E226}.Debug|Any CPU.Build.0 = Debug|Any CPU
		{08258A75-F103-444A-8958-CB3E57F2E226}.Release|Any CPU.ActiveCfg = Release|Any CPU
		{08258A75-F103-444A-8958-CB3E57F2E226}.Release|Any CPU.Build.0 = Release|Any CPU
	EndGlobalSection
	GlobalSection(SolutionProperties) = preSolution
		HideSolutionNode = FALSE
	EndGlobalSection
	GlobalSection(ExtensibilityGlobals) = postSolution
		SolutionGuid = {E7001683-6AE2-4167-8CAE-0802A54D35C8}
	EndGlobalSection
EndGlobal
